
Microsoft Visual Studio Solution File, Format Version 12.00
# Visual Studio Version 16
VisualStudioVersion = 16.0.31025.194
MinimumVisualStudioVersion = 10.0.40219.1
Project("{FAE04EC0-301F-11D3-BF4B-00C04F79EFBC}") = "XComAPI", "XComAPI\XComAPI.csproj", "{8EAA2F3A-037B-4658-BC7C-F3BB69EE6EE9}"
EndProject
Global
	GlobalSection(SolutionConfigurationPlatforms) = preSolution
		Debug|Any CPU = Debug|Any CPU
		Release|Any CPU = Release|Any CPU
	EndGlobalSection
	GlobalSection(ProjectConfigurationPlatforms) = postSolution
		{8EAA2F3A-037B-4658-BC7C-F3BB69EE6EE9}.Debug|Any CPU.ActiveCfg = Debug|Any CPU
		{8EAA2F3A-037B-4658-BC7C-F3BB69EE6EE9}.Debug|Any CPU.Build.0 = Debug|Any CPU
		{8EAA2F3A-037B-4658-BC7C-F3BB69EE6EE9}.Release|Any CPU.ActiveCfg = Release|Any CPU
		{8EAA2F3A-037B-4658-BC7C-F3BB69EE6EE9}.Release|Any CPU.Build.0 = Release|Any CPU
	EndGlobalSection
	GlobalSection(SolutionProperties) = preSolution
		HideSolutionNode = FALSE
	EndGlobalSection
	GlobalSection(ExtensibilityGlobals) = postSolution
		SolutionGuid = {EBAA29F3-F30C-465B-8700-74A0E5EC810C}
	EndGlobalSection
EndGlobal
